
Microsoft Visual Studio Solution File, Format Version 12.00
# Visual Studio Version 16
VisualStudioVersion = 16.0.30517.126
MinimumVisualStudioVersion = 10.0.40219.1
Project("{9A19103F-16F7-4668-BE54-9A1E7A4F7556}") = "FinalProject", "FinalProject\FinalProject.csproj", "{1C84866D-77FB-4658-9255-2FAF8472EA6E}"
EndProject
Project("{00D1A9C2-B5F0-4AF3-8072-F6C62B433612}") = "DB", "DB\DB.sqlproj", "{A02C4588-B1E0-4E8C-9E0A-D0A3129B954D}"
EndProject
Project("{9A19103F-16F7-4668-BE54-9A1E7A4F7556}") = "DomainModels", "DomainModels\DomainModels.csproj", "{D1CAAC56-0E79-44D1-99AF-831FFE9DAC4E}"
EndProject
Project("{9A19103F-16F7-4668-BE54-9A1E7A4F7556}") = "Repositories", "Repositories\Repositories.csproj", "{61C2F22F-0B48-4DAB-96CF-0433C167B18E}"
EndProject
Project("{9A19103F-16F7-4668-BE54-9A1E7A4F7556}") = "Services", "Services\Services.csproj", "{E5760AD8-969B-4179-9755-F44ED2D16341}"
EndProject
Project("{FAE04EC0-301F-11D3-BF4B-00C04F79EFBC}") = "Tests", "Tests\Tests.csproj", "{BE70B524-147C-4F5A-9BC3-F0BED5586FE1}"
EndProject
Global
	GlobalSection(SolutionConfigurationPlatforms) = preSolution
		Debug|Any CPU = Debug|Any CPU
		Release|Any CPU = Release|Any CPU
	EndGlobalSection
	GlobalSection(ProjectConfigurationPlatforms) = postSolution
		{1C84866D-77FB-4658-9255-2FAF8472EA6E}.Debug|Any CPU.ActiveCfg = Debug|Any CPU
		{1C84866D-77FB-4658-9255-2FAF8472EA6E}.Debug|Any CPU.Build.0 = Debug|Any CPU
		{1C84866D-77FB-4658-9255-2FAF8472EA6E}.Release|Any CPU.ActiveCfg = Release|Any CPU
		{1C84866D-77FB-4658-9255-2FAF8472EA6E}.Release|Any CPU.Build.0 = Release|Any CPU
		{A02C4588-B1E0-4E8C-9E0A-D0A3129B954D}.Debug|Any CPU.ActiveCfg = Debug|Any CPU
		{A02C4588-B1E0-4E8C-9E0A-D0A3129B954D}.Debug|Any CPU.Build.0 = Debug|Any CPU
		{A02C4588-B1E0-4E8C-9E0A-D0A3129B954D}.Debug|Any CPU.Deploy.0 = Debug|Any CPU
		{A02C4588-B1E0-4E8C-9E0A-D0A3129B954D}.Release|Any CPU.ActiveCfg = Release|Any CPU
		{A02C4588-B1E0-4E8C-9E0A-D0A3129B954D}.Release|Any CPU.Build.0 = Release|Any CPU
		{A02C4588-B1E0-4E8C-9E0A-D0A3129B954D}.Release|Any CPU.Deploy.0 = Release|Any CPU
		{D1CAAC56-0E79-44D1-99AF-831FFE9DAC4E}.Debug|Any CPU.ActiveCfg = Debug|Any CPU
		{D1CAAC56-0E79-44D1-99AF-831FFE9DAC4E}.Debug|Any CPU.Build.0 = Debug|Any CPU
		{D1CAAC56-0E79-44D1-99AF-831FFE9DAC4E}.Release|Any CPU.ActiveCfg = Release|Any CPU
		{D1CAAC56-0E79-44D1-99AF-831FFE9DAC4E}.Release|Any CPU.Build.0 = Release|Any CPU
		{61C2F22F-0B48-4DAB-96CF-0433C167B18E}.Debug|Any CPU.ActiveCfg = Debug|Any CPU
		{61C2F22F-0B48-4DAB-96CF-0433C167B18E}.Debug|Any CPU.Build.0 = Debug|Any CPU
		{61C2F22F-0B48-4DAB-96CF-0433C167B18E}.Release|Any CPU.ActiveCfg = Release|Any CPU
		{61C2F22F-0B48-4DAB-96CF-0433C167B18E}.Release|Any CPU.Build.0 = Release|Any CPU
		{E5760AD8-969B-4179-9755-F44ED2D16341}.Debug|Any CPU.ActiveCfg = Debug|Any CPU
		{E5760AD8-969B-4179-9755-F44ED2D16341}.Debug|Any CPU.Build.0 = Debug|Any CPU
		{E5760AD8-969B-4179-9755-F44ED2D16341}.Release|Any CPU.ActiveCfg = Release|Any CPU
		{E5760AD8-969B-4179-9755-F44ED2D16341}.Release|Any CPU.Build.0 = Release|Any CPU
		{BE70B524-147C-4F5A-9BC3-F0BED5586FE1}.Debug|Any CPU.ActiveCfg = Debug|Any CPU
		{BE70B524-147C-4F5A-9BC3-F0BED5586FE1}.Debug|Any CPU.Build.0 = Debug|Any CPU
		{BE70B524-147C-4F5A-9BC3-F0BED5586FE1}.Release|Any CPU.ActiveCfg = Release|Any CPU
		{BE70B524-147C-4F5A-9BC3-F0BED5586FE1}.Release|Any CPU.Build.0 = Release|Any CPU
	EndGlobalSection
	GlobalSection(SolutionProperties) = preSolution
		HideSolutionNode = FALSE
	EndGlobalSection
	GlobalSection(ExtensibilityGlobals) = postSolution
		SolutionGuid = {97AA351A-0791-4E0B-8FC8-7650E6159959}
	EndGlobalSection
EndGlobal
